#MicroXplorer Configuration settings - do not modify
Mcu.Family=STM32L4
ProjectManager.MainLocation=Core/Src
PA0-CK_IN.GPIO_Label=VIN_SENSE
PA0-CK_IN.GPIOParameters=GPIO_Label
PA2.GPIO_PuPd=GPIO_PULLUP
PA6.Mode=Full_Duplex_Master
RCC.USART1Freq_Value=32000000
PA14\ (JTCK/SWCLK).GPIOParameters=GPIO_Label
RCC.CortexFreq_Value=32000000
I2C1.I2C_Speed_Mode=I2C_Standard
ProjectManager.KeepUserCode=true
Mcu.UserName=STM32L412KBUx
SPI1.VirtualType=VM_MASTER
ADC1.SamplingTime-6\#ChannelRegularConversion=ADC_SAMPLETIME_2CYCLES_5
PA12.GPIOParameters=GPIO_PuPd,GPIO_Label
ProjectManager.functionlistsort=1-MX_GPIO_Init-GPIO-false-HAL-true,2-SystemClock_Config-RCC-false-HAL-false,3-MX_I2C1_Init-I2C1-false-HAL-true,4-MX_ADC1_Init-ADC1-false-HAL-true,5-MX_RTC_Init-RTC-false-HAL-true,6-MX_SPI1_Init-SPI1-false-HAL-true
PA11.GPIOParameters=GPIO_Label
VP_RTC_VS_RTC_Activate.Mode=RTC_Enabled
PA3.GPIOParameters=GPIO_Label
PB0.GPIO_Label=RFM95_DIO0
RCC.USART2Freq_Value=32000000
PA2.GPIOParameters=GPIO_PuPd,GPIO_Label
PinOutPanel.RotationAngle=180
RCC.MCO1PinFreq_Value=32000000
ProjectManager.StackSize=0x400
PB5.GPIOParameters=PinState,GPIO_Label
SH.ADCx_IN16.0=ADC1_IN16,IN16-Single-Ended
RCC.I2C3Freq_Value=32000000
RCC.LPTIM1Freq_Value=32000000
Mcu.IP4=RTC
RCC.FCLKCortexFreq_Value=32000000
Mcu.IP5=SPI1
I2C1.IPParameters=Timing,I2C_Speed_Mode
Mcu.IP2=NVIC
NVIC.SVCall_IRQn=true\:0\:0\:false\:false\:true\:false\:false
Mcu.IP3=RCC
Mcu.IP0=ADC1
PA12.Locked=true
PA14\ (JTCK/SWCLK).Signal=SYS_JTCK-SWCLK
Mcu.IP1=I2C1
PA12.Signal=GPIO_Output
Mcu.UserConstants=
Mcu.ThirdPartyNb=0
SPI1.Direction=SPI_DIRECTION_2LINES
RCC.HCLKFreq_Value=32000000
RCC.FLatency=FLASH_LATENCY_1
Mcu.IPNb=7
ProjectManager.PreviousToolchain=STM32CubeIDE
RCC.APB2TimFreq_Value=32000000
PB6.Signal=I2C1_SCL
PB5.PinState=GPIO_PIN_SET
PB6.Mode=I2C
RTC.IPParameters=WakeUpClock
SPI1.CalculateBaudRate=125.0 KBits/s
Mcu.Pin6=PA7
Mcu.Pin7=PB0
RCC.HSICalibrationValue=16
Mcu.Pin8=PB1
Mcu.Pin9=PA11
RCC.AHBFreq_Value=32000000
Mcu.Pin0=PA0-CK_IN
Mcu.Pin1=PA2
GPIO.groupedBy=Group By Peripherals
Mcu.Pin2=PA3
Mcu.Pin3=PA4
Mcu.Pin4=PA5
Mcu.Pin5=PA6
ProjectManager.ProjectBuild=false
RCC.HSE_VALUE=8000000
NVIC.UsageFault_IRQn=true\:0\:0\:false\:false\:true\:false\:false
NVIC.DebugMonitor_IRQn=true\:0\:0\:false\:false\:true\:false\:false
PA4.Locked=true
NVIC.SysTick_IRQn=true\:0\:0\:true\:false\:true\:true\:true
ProjectManager.FirmwarePackage=STM32Cube FW_L4 V1.16.0
PA0-CK_IN.Signal=ADCx_IN5
MxDb.Version=DB.6.0.10
ADC1.Channel-6\#ChannelRegularConversion=ADC_CHANNEL_16
PB0.GPIOParameters=GPIO_PuPd,GPIO_Label
PA13\ (JTMS/SWDIO).GPIO_Label=SWDIO
ProjectManager.BackupPrevious=false
RCC.VCOInputFreq_Value=32000000
PB1.GPIO_Label=PHOTO_SENSE
SPI1.DataSize=SPI_DATASIZE_8BIT
File.Version=6
SH.ADCx_IN16.ConfNb=1
PB7.Signal=I2C1_SDA
PA14\ (JTCK/SWCLK).Mode=Serial_Wire
RCC.PLLRCLKFreq_Value=128000000
PB6.Locked=true
NVIC.PendSV_IRQn=true\:0\:0\:false\:false\:true\:false\:false
PA13\ (JTMS/SWDIO).Locked=true
PB6.GPIO_PuPdOD=GPIO_NOPULL
PB6.GPIOParameters=GPIO_PuPdOD
ProjectManager.HalAssertFull=false
PB0.Locked=true
RCC.CRSFreq_Value=48000000
ProjectManager.ProjectName=sensor-node
Mcu.Package=UFQFPN32
PA6.Signal=SPI1_MISO
PB1.Signal=ADCx_IN16
PA7.Locked=true
PA5.Locked=true
ProjectManager.ToolChainLocation=
PA2.GPIO_Label=RFM95_DIO5
PA14\ (JTCK/SWCLK).Locked=true
RCC.LSI_VALUE=32000
VP_SYS_VS_Systick.Signal=SYS_VS_Systick
RCC.LSCOPinFreq_Value=32000
PA14\ (JTCK/SWCLK).GPIO_Label=SWCLK
PB5.GPIO_Label=I2C_ENABLE
RCC.APB1TimFreq_Value=32000000
NVIC.BusFault_IRQn=true\:0\:0\:false\:false\:true\:false\:false
RCC.LPUART1Freq_Value=32000000
PA12.GPIO_PuPd=GPIO_PULLDOWN
ADC1.Rank-6\#ChannelRegularConversion=1
SPI1.BaudRatePrescaler=SPI_BAUDRATEPRESCALER_256
PA4.GPIO_Label=RFM95_NSS
ProjectManager.CustomerFirmwarePackage=
RCC.MSIClockRange=RCC_MSIRANGE_10
RCC.HSI48_VALUE=48000000
PA3.Signal=GPIO_Output
PA5.Mode=Full_Duplex_Master
PA2.Locked=true
VP_RTC_VS_RTC_Activate.Signal=RTC_VS_RTC_Activate
RCC.MSI_VALUE=32000000
RCC.PLLQoutputFreq_Value=128000000
ProjectManager.ProjectFileName=sensor-node.ioc
PA7.Mode=Full_Duplex_Master
PA13\ (JTMS/SWDIO).Mode=Serial_Wire
Mcu.PinsNb=19
RTC.WakeUpClock=RTC_WAKEUPCLOCK_CK_SPRE_16BITS
ProjectManager.NoMain=false
SPI1.IPParameters=VirtualType,Mode,Direction,CalculateBaudRate,BaudRatePrescaler,DataSize,NSSPMode
ADC1.IPParameters=Rank-6\#ChannelRegularConversion,Channel-6\#ChannelRegularConversion,SamplingTime-6\#ChannelRegularConversion,OffsetNumber-6\#ChannelRegularConversion,NbrOfConversionFlag,NbrOfConversion,master
PA11.GPIO_Label=PHOTO_ENABLE
ProjectManager.DefaultFWLocation=true
ProjectManager.DeletePrevious=true
boardIOC=true
PA13\ (JTMS/SWDIO).GPIOParameters=GPIO_Label
PA12.GPIO_Label=PHOTO_SWITCH
RCC.FamilyName=M
PA11.Locked=true
PA4.PinState=GPIO_PIN_SET
ProjectManager.TargetToolchain=STM32CubeIDE
PB7.GPIOParameters=GPIO_PuPdOD
VP_RTC_VS_RTC_WakeUp_intern.Signal=RTC_VS_RTC_WakeUp_intern
I2C1.Timing=0x00707CBB
PB5.Locked=true
ProjectManager.RegisterCallBack=
RCC.USBFreq_Value=32000000
RCC.LSE_VALUE=32768
PB1.Locked=true
PA5.Signal=SPI1_SCK
board=NUCLEO-L412KB
RCC.VCOOutputFreq_Value=256000000
ProjectManager.LastFirmware=true
PA0-CK_IN.Locked=true
RCC.APB2Freq_Value=32000000
MxCube.Version=6.1.0
RCC.I2C1Freq_Value=32000000
SPI1.Mode=SPI_MODE_MASTER
RCC.RNGFreq_Value=32000000
RCC.ADCFreq_Value=32000000
VP_SYS_VS_Systick.Mode=SysTick
NVIC.NonMaskableInt_IRQn=true\:0\:0\:false\:false\:true\:false\:false
PA4.GPIOParameters=PinState,GPIO_Label
PB7.GPIO_PuPdOD=GPIO_NOPULL
ADC1.NbrOfConversion=1
ProjectManager.FreePins=true
RCC.IPParameters=ADCFreq_Value,AHBFreq_Value,APB1Freq_Value,APB1TimFreq_Value,APB2Freq_Value,APB2TimFreq_Value,CRSFreq_Value,CortexFreq_Value,FCLKCortexFreq_Value,FLatency,FamilyName,HCLKFreq_Value,HSE_VALUE,HSI48_VALUE,HSICalibrationValue,HSI_VALUE,I2C1Freq_Value,I2C3Freq_Value,LPTIM1Freq_Value,LPTIM2Freq_Value,LPUART1Freq_Value,LSCOPinFreq_Value,LSE_VALUE,LSI_VALUE,MCO1PinFreq_Value,MSIClockRange,MSI_VALUE,PLLQoutputFreq_Value,PLLRCLKFreq_Value,PWRFreq_Value,RNGFreq_Value,SYSCLKFreq_VALUE,USART1Freq_Value,USART2Freq_Value,USBFreq_Value,VCOInputFreq_Value,VCOOutputFreq_Value
ProjectManager.AskForMigrate=true
Mcu.Name=STM32L412KBUx
RCC.LPTIM2Freq_Value=32000000
SPI1.NSSPMode=SPI_NSS_PULSE_DISABLE
PA2.Signal=GPIO_Input
ProjectManager.UnderRoot=true
ADC1.OffsetNumber-6\#ChannelRegularConversion=ADC_OFFSET_NONE
Mcu.IP6=SYS
ProjectManager.CoupleFile=true
PA4.Signal=GPIO_Output
RCC.SYSCLKFreq_VALUE=32000000
PB5.Signal=GPIO_Output
ADC1.master=1
PA3.Locked=true
NVIC.ForceEnableDMAVector=true
KeepUserPlacement=false
NVIC.MemoryManagement_IRQn=true\:0\:0\:false\:false\:true\:false\:false
ProjectManager.CompilerOptimize=6
PB7.Mode=I2C
PA11.Signal=GPIO_Output
ProjectManager.HeapSize=0x200
Mcu.Pin15=PB7
NVIC.HardFault_IRQn=true\:0\:0\:false\:false\:true\:false\:false
Mcu.Pin16=VP_RTC_VS_RTC_Activate
Mcu.Pin13=PB5
Mcu.Pin14=PB6
ProjectManager.ComputerToolchain=false
Mcu.Pin17=VP_RTC_VS_RTC_WakeUp_intern
RCC.HSI_VALUE=16000000
VP_RTC_VS_RTC_WakeUp_intern.Mode=WakeUp
Mcu.Pin18=VP_SYS_VS_Systick
SH.ADCx_IN5.0=ADC1_IN5,IN5-Single-Ended
NVIC.PriorityGroup=NVIC_PRIORITYGROUP_4
ADC1.NbrOfConversionFlag=1
Mcu.Pin11=PA13 (JTMS/SWDIO)
Mcu.Pin12=PA14 (JTCK/SWCLK)
Mcu.Pin10=PA12
PB7.Locked=true
RCC.PWRFreq_Value=32000000
SH.ADCx_IN5.ConfNb=1
RCC.APB1Freq_Value=32000000
PB0.Signal=GPIO_Input
ProjectManager.DeviceId=STM32L412KBUx
ProjectManager.LibraryCopy=1
PB0.GPIO_PuPd=GPIO_PULLUP
PA13\ (JTMS/SWDIO).Signal=SYS_JTMS-SWDIO
PA3.GPIO_Label=RFM95_NRST
PB1.GPIOParameters=GPIO_Label
PA7.Signal=SPI1_MOSI
PA6.Locked=true
